{
  "name": "springroll-tiny-application",
  "version": "1.1.1",
  "lockfileVersion": 1,
  "requires": true,
  "dependencies": {
    "@babel/polyfill": {
      "version": "7.12.1",
      "resolved": "https://registry.npmjs.org/@babel/polyfill/-/polyfill-7.12.1.tgz",
      "integrity": "sha512-X0pi0V6gxLi6lFZpGmeNa4zxtwEmCs42isWLNjZZDE0Y8yVfgu0T2OAHlzBbdYlqbW/YXVvoBHpATEM+goCj8g==",
      "dev": true,
      "requires": {
        "core-js": "^2.6.5",
        "regenerator-runtime": "^0.13.4"
      },
      "dependencies": {
        "core-js": {
          "version": "2.6.12",
          "resolved": "https://registry.npmjs.org/core-js/-/core-js-2.6.12.tgz",
          "integrity": "sha512-Kb2wC0fvsWfQrgk8HU5lW6U/Lcs8+9aaYcy4ZFc6DDlo4nZ7n70dEgE5rtR0oG6ufKDUnrwfWL1mXR5ljDatrQ==",
          "dev": true
        }
      }
    },
    "bellhop-iframe": {
      "version": "git+https://github.com/SpringRoll/Bellhop.git#9d05a63ecde26d1bc2c2e4949f210774bc3bd9d4",
      "from": "git+https://github.com/SpringRoll/Bellhop.git#1.2.0"
    },
    "core-js": {
      "version": "3.8.0",
      "resolved": "https://registry.npmjs.org/core-js/-/core-js-3.8.0.tgz",
      "integrity": "sha512-W2VYNB0nwQQE7tKS7HzXd7r2y/y2SVJl4ga6oH/dnaLFzM0o2lB2P3zCkWj5Wc/zyMYjtgd5Hmhk0ObkQFZOIA==",
      "dev": true
    },
    "prettier": {
      "version": "1.19.1",
      "resolved": "https://registry.npmjs.org/prettier/-/prettier-1.19.1.tgz",
      "integrity": "sha512-s7PoyDv/II1ObgQunCbB9PdLmUcBZcnWOcxDh7O0N/UwDEsHyqkW+Qh28jW+mVuCdx7gLB0BotYI1Y6uI9iyew==",
      "dev": true
    },
    "regenerator-runtime": {
      "version": "0.13.7",
      "resolved": "https://registry.npmjs.org/regenerator-runtime/-/regenerator-runtime-0.13.7.tgz",
      "integrity": "sha512-a54FxoJDIr27pgf7IgeQGxmqUNYrcV338lf/6gH456HZ/PhX+5BcwHXG9ajESmwe6WRO0tAzRUrRmNONWgkrew==",
      "dev": true
    },
    "springroll-container": {
      "version": "git+https://github.com/SpringRoll/SpringRollContainer.git#1fc893090cc6f591b018a04f893853c2251238b3",
      "from": "git+https://github.com/SpringRoll/SpringRollContainer.git",
      "dev": true,
      "requires": {
        "@babel/polyfill": "^7.4.3",
        "bellhop-iframe": "^3.2.0",
        "core-js": "^3.6.5",
        "whatwg-fetch": "^3.0.0"
      },
      "dependencies": {
        "bellhop-iframe": {
          "version": "3.2.0",
          "resolved": "https://registry.npmjs.org/bellhop-iframe/-/bellhop-iframe-3.2.0.tgz",
          "integrity": "sha512-ADrxaxQIDhg+MptvgoVWxoVcNJGVfMKYnptdm7zHfqu72BSb6fZRivpSMrtjKbjVwoelczDRLLbytMtGyHqdUg==",
          "dev": true
        }
      }
    },
    "whatwg-fetch": {
      "version": "3.5.0",
      "resolved": "https://registry.npmjs.org/whatwg-fetch/-/whatwg-fetch-3.5.0.tgz",
      "integrity": "sha512-jXkLtsR42xhXg7akoDKvKWE40eJeI+2KZqcp2h3NsOrRnDvtWX36KcKl30dy+hxECivdk2BVUHVNrPtoMBUx6A==",
      "dev": true
    }
  }
}
